<?xml version="1.0" encoding="utf-8"?>
<Project ToolsVersion="4.0" xmlns="http://schemas.microsoft.com/developer/msbuild/2003">
  <ItemGroup>
    <Filter Include="Source">
      <UniqueIdentifier>{20e53aff-a530-4bb4-90c5-b84c574e6e84}</UniqueIdentifier>
    </Filter>
    <Filter Include="Source\Scene">
      <UniqueIdentifier>{db5fda41-da12-4a30-baa5-e816f0bb24fb}</UniqueIdentifier>
    </Filter>
    <Filter Include="Source\Scene\Title">
      <UniqueIdentifier>{38700911-6b1f-42d6-a99d-9fcb315e050a}</UniqueIdentifier>
    </Filter>
    <Filter Include="Source\Scene\Option">
      <UniqueIdentifier>{1702725f-3979-4046-8afe-b21585c34c4d}</UniqueIdentifier>
    </Filter>
    <Filter Include="Source\GameSetting">
      <UniqueIdentifier>{c4faa7ce-b7fb-4175-be89-30961425e40c}</UniqueIdentifier>
    </Filter>
    <Filter Include="Source\Input">
      <UniqueIdentifier>{fb3d4ad1-db35-45b4-a233-6375eb58efc6}</UniqueIdentifier>
    </Filter>
    <Filter Include="Source\FPS">
      <UniqueIdentifier>{7375e950-396c-4ffd-a2f9-cce3944c1dbc}</UniqueIdentifier>
    </Filter>
    <Filter Include="Source\Scene\Play">
      <UniqueIdentifier>{72564311-32e0-44e6-81ff-cd9e0c0fffff}</UniqueIdentifier>
    </Filter>
    <Filter Include="Source\UI">
      <UniqueIdentifier>{d3d73f22-028b-4fdb-ba60-19f7a563ea29}</UniqueIdentifier>
    </Filter>
    <Filter Include="Source\Player">
      <UniqueIdentifier>{31cd836a-6995-40c5-bf9c-51b6930290be}</UniqueIdentifier>
    </Filter>
    <Filter Include="Source\Scene\S_Kurosawa">
      <UniqueIdentifier>{7d31a02b-4f81-4941-8065-87d912c41413}</UniqueIdentifier>
    </Filter>
    <Filter Include="Source\Elements">
      <UniqueIdentifier>{3056b5c3-a3bd-466e-b3fd-1cfc2b2b4ca6}</UniqueIdentifier>
    </Filter>
    <Filter Include="Source\Effect">
      <UniqueIdentifier>{f61c6f13-edfc-4fab-84ae-29401fbe02cb}</UniqueIdentifier>
    </Filter>
    <Filter Include="Source\Animation">
      <UniqueIdentifier>{0309ee5a-5aa9-4b9c-8db2-d1e2aa17895c}</UniqueIdentifier>
    </Filter>
    <Filter Include="Source\Map">
      <UniqueIdentifier>{d77ea71a-4c10-4d55-bfb8-5be7291aac7a}</UniqueIdentifier>
    </Filter>
    <Filter Include="Source\Camera">
      <UniqueIdentifier>{afb0a01e-19ca-444d-8870-cb318617e74f}</UniqueIdentifier>
    </Filter>
    <Filter Include="Source\Gimmick">
      <UniqueIdentifier>{2fbb6089-3ad0-4165-a85f-f12bc0683842}</UniqueIdentifier>
    </Filter>
  </ItemGroup>
  <ItemGroup>
    <ClCompile Include="Source\Main.cpp">
      <Filter>Source</Filter>
    </ClCompile>
    <ClCompile Include="Source\Scene\SceneManager.cpp">
      <Filter>Source\Scene</Filter>
    </ClCompile>
    <ClCompile Include="Source\Scene\Title\TitleScene.cpp">
      <Filter>Source\Scene\Title</Filter>
    </ClCompile>
    <ClCompile Include="Source\Scene\Option\OptionScene.cpp">
      <Filter>Source\Scene\Option</Filter>
    </ClCompile>
    <ClCompile Include="Source\Input\Input.cpp">
      <Filter>Source\Input</Filter>
    </ClCompile>
    <ClCompile Include="Source\FPS\FPS.cpp">
      <Filter>Source\FPS</Filter>
    </ClCompile>
    <ClCompile Include="Source\Scene\Play\PlayScene.cpp">
      <Filter>Source\Scene\Play</Filter>
    </ClCompile>
    <ClCompile Include="Source\UI\UIImage.cpp">
      <Filter>Source\UI</Filter>
    </ClCompile>
    <ClCompile Include="Source\Player\Player.cpp">
      <Filter>Source\Player</Filter>
    </ClCompile>
    <ClCompile Include="Source\Scene\S_Kurosawa\S_Kurosawa.cpp">
      <Filter>Source\Scene\S_Kurosawa</Filter>
    </ClCompile>
    <ClCompile Include="Source\Effect\AnimationEffect.cpp">
      <Filter>Source\Effect</Filter>
    </ClCompile>
    <ClCompile Include="Source\Animation\Animation.cpp">
      <Filter>Source\Animation</Filter>
    </ClCompile>
    <ClCompile Include="Source\Elements\Elements.cpp">
      <Filter>Source\Elements</Filter>
    </ClCompile>
    <ClCompile Include="Source\Elements\ElementsManager.cpp">
      <Filter>Source\Elements</Filter>
    </ClCompile>
    <ClCompile Include="Source\Elements\Fire.cpp">
      <Filter>Source\Elements</Filter>
    </ClCompile>
    <ClCompile Include="Source\Elements\Ground.cpp">
      <Filter>Source\Elements</Filter>
    </ClCompile>
    <ClCompile Include="Source\Elements\Ice.cpp">
      <Filter>Source\Elements</Filter>
    </ClCompile>
    <ClCompile Include="Source\Elements\Iron.cpp">
      <Filter>Source\Elements</Filter>
    </ClCompile>
    <ClCompile Include="Source\Elements\Water.cpp">
      <Filter>Source\Elements</Filter>
    </ClCompile>
    <ClCompile Include="Source\Elements\Wind.cpp">
      <Filter>Source\Elements</Filter>
    </ClCompile>
    <ClCompile Include="Source\Elements\Thunder.cpp">
      <Filter>Source\Elements</Filter>
    </ClCompile>
    <ClCompile Include="Source\Map\Block.cpp">
      <Filter>Source\Map</Filter>
    </ClCompile>
    <ClCompile Include="Source\Map\MapChip.cpp">
      <Filter>Source\Map</Filter>
    </ClCompile>
    <ClCompile Include="Source\Map\MapManager.cpp">
      <Filter>Source\Map</Filter>
    </ClCompile>
    <ClCompile Include="Source\Camera\Camera.cpp">
      <Filter>Source\Camera</Filter>
    </ClCompile>
    <ClCompile Include="Source\Collision\Collision.cpp" />
    <ClCompile Include="Gimmick.cpp">
      <Filter>Source\Gimmick</Filter>
    </ClCompile>
  </ItemGroup>
  <ItemGroup>
    <ClInclude Include="Source\Scene\SceneManager.h">
      <Filter>Source\Scene</Filter>
    </ClInclude>
    <ClInclude Include="Source\Scene\Title\TitleScene.h">
      <Filter>Source\Scene\Title</Filter>
    </ClInclude>
    <ClInclude Include="Source\Scene\Option\OptionScene.h">
      <Filter>Source\Scene\Option</Filter>
    </ClInclude>
    <ClInclude Include="Source\GameSetting\GameSetting.h">
      <Filter>Source\GameSetting</Filter>
    </ClInclude>
    <ClInclude Include="Source\Input\Input.h">
      <Filter>Source\Input</Filter>
    </ClInclude>
    <ClInclude Include="Source\FPS\FPS.h">
      <Filter>Source\FPS</Filter>
    </ClInclude>
    <ClInclude Include="Source\Scene\Play\PlayScene.h">
      <Filter>Source\Scene\Play</Filter>
    </ClInclude>
    <ClInclude Include="Source\UI\UIImage.h">
      <Filter>Source\UI</Filter>
    </ClInclude>
    <ClInclude Include="Source\Player\Player.h">
      <Filter>Source\Player</Filter>
    </ClInclude>
    <ClInclude Include="Source\Scene\S_Kurosawa\S_Kurosawa.h">
      <Filter>Source\Scene\S_Kurosawa</Filter>
    </ClInclude>
    <ClInclude Include="Source\Effect\AnimationEffect.h">
      <Filter>Source\Effect</Filter>
    </ClInclude>
    <ClInclude Include="Source\Effect\AnimationEffectParameter.h">
      <Filter>Source\Effect</Filter>
    </ClInclude>
    <ClInclude Include="Source\Animation\Animation.h">
      <Filter>Source\Animation</Filter>
    </ClInclude>
    <ClInclude Include="Source\Elements\Elements.h">
      <Filter>Source\Elements</Filter>
    </ClInclude>
    <ClInclude Include="Source\Elements\ElementsManager.h">
      <Filter>Source\Elements</Filter>
    </ClInclude>
    <ClInclude Include="Source\Elements\Fire.h">
      <Filter>Source\Elements</Filter>
    </ClInclude>
    <ClInclude Include="Source\Elements\Ground.h">
      <Filter>Source\Elements</Filter>
    </ClInclude>
    <ClInclude Include="Source\Elements\Ice.h">
      <Filter>Source\Elements</Filter>
    </ClInclude>
    <ClInclude Include="Source\Elements\Iron.h">
      <Filter>Source\Elements</Filter>
    </ClInclude>
    <ClInclude Include="Source\Elements\Water.h">
      <Filter>Source\Elements</Filter>
    </ClInclude>
    <ClInclude Include="Source\Elements\Wind.h">
      <Filter>Source\Elements</Filter>
    </ClInclude>
    <ClInclude Include="Source\Elements\Thunder.h">
      <Filter>Source\Elements</Filter>
    </ClInclude>
    <ClInclude Include="Source\Map\Block.h">
      <Filter>Source\Map</Filter>
    </ClInclude>
    <ClInclude Include="Source\Map\MapChip.h">
      <Filter>Source\Map</Filter>
    </ClInclude>
    <ClInclude Include="Source\Map\MapManager.h">
      <Filter>Source\Map</Filter>
    </ClInclude>
    <ClInclude Include="Source\Map\MapParameter.h">
      <Filter>Source\Map</Filter>
    </ClInclude>
    <ClInclude Include="Source\Camera\Camera.h">
      <Filter>Source\Camera</Filter>
    </ClInclude>
    <ClInclude Include="Source\Collision\Collision.h" />
    <ClInclude Include="Gimmick.h">
      <Filter>Source\Gimmick</Filter>
    </ClInclude>
    <ClInclude Include="GameDefine.h">
      <Filter>Source\Gimmick</Filter>
    </ClInclude>
  </ItemGroup>
</Project>